
Microsoft Visual Studio Solution File, Format Version 12.00
# Visual Studio Version 16
VisualStudioVersion = 16.0.30608.117
MinimumVisualStudioVersion = 10.0.40219.1
Project("{FAE04EC0-301F-11D3-BF4B-00C04F79EFBC}") = "NBTParser", "NBTParser\NBTParser.csproj", "{D5F32490-601F-4DC9-A95C-F3E2D65A4595}"
EndProject
Project("{FAE04EC0-301F-11D3-BF4B-00C04F79EFBC}") = "NBTParserTests", "NBTParserTests\NBTParserTests.csproj", "{FC60435C-3CAD-4504-A7A7-26725A91C034}"
EndProject
Global
	GlobalSection(SolutionConfigurationPlatforms) = preSolution
		Debug|Any CPU = Debug|Any CPU
		Release|Any CPU = Release|Any CPU
	EndGlobalSection
	GlobalSection(ProjectConfigurationPlatforms) = postSolution
		{D5F32490-601F-4DC9-A95C-F3E2D65A4595}.Debug|Any CPU.ActiveCfg = Debug|Any CPU
		{D5F32490-601F-4DC9-A95C-F3E2D65A4595}.Debug|Any CPU.Build.0 = Debug|Any CPU
		{D5F32490-601F-4DC9-A95C-F3E2D65A4595}.Release|Any CPU.ActiveCfg = Release|Any CPU
		{D5F32490-601F-4DC9-A95C-F3E2D65A4595}.Release|Any CPU.Build.0 = Release|Any CPU
		{FC60435C-3CAD-4504-A7A7-26725A91C034}.Debug|Any CPU.ActiveCfg = Debug|Any CPU
		{FC60435C-3CAD-4504-A7A7-26725A91C034}.Debug|Any CPU.Build.0 = Debug|Any CPU
		{FC60435C-3CAD-4504-A7A7-26725A91C034}.Release|Any CPU.ActiveCfg = Release|Any CPU
		{FC60435C-3CAD-4504-A7A7-26725A91C034}.Release|Any CPU.Build.0 = Release|Any CPU
	EndGlobalSection
	GlobalSection(SolutionProperties) = preSolution
		HideSolutionNode = FALSE
	EndGlobalSection
	GlobalSection(ExtensibilityGlobals) = postSolution
		SolutionGuid = {7220DC7B-16A4-44A3-990D-BA9D932F8F4E}
	EndGlobalSection
EndGlobal
